// !$*UTF8*$!
{
	archiveVersion = 1;
	classes = {
	};
	objectVersion = 77;
	objects = {

/* Begin PBXContainerItemProxy section */
		1EA3CD3B2DE9C4B600DCEB57 /* PBXContainerItemProxy */ = {
			isa = PBXContainerItemProxy;
			containerPortal = 1EA3CD1D2DE9C4B400DCEB57 /* Project object */;
			proxyType = 1;
			remoteGlobalIDString = 1EA3CD242DE9C4B400DCEB57;
			remoteInfo = WatchList;
		};
		1EA3CD452DE9C4B600DCEB57 /* PBXContainerItemProxy */ = {
			isa = PBXContainerItemProxy;
			containerPortal = 1EA3CD1D2DE9C4B400DCEB57 /* Project object */;
			proxyType = 1;
			remoteGlobalIDString = 1EA3CD242DE9C4B400DCEB57;
			remoteInfo = WatchList;
		};
/* End PBXContainerItemProxy section */

/* Begin PBXFileReference section */
		1EA3CD252DE9C4B400DCEB57 /* WatchList.app */ = {isa = PBXFileReference; explicitFileType = wrapper.application; includeInIndex = 0; path = WatchList.app; sourceTree = BUILT_PRODUCTS_DIR; };
		1EA3CD3A2DE9C4B600DCEB57 /* WatchListTests.xctest */ = {isa = PBXFileReference; explicitFileType = wrapper.cfbundle; includeInIndex = 0; path = WatchListTests.xctest; sourceTree = BUILT_PRODUCTS_DIR; };
		1EA3CD442DE9C4B600DCEB57 /* WatchListUITests.xctest */ = {isa = PBXFileReference; explicitFileType = wrapper.cfbundle; includeInIndex = 0; path = WatchListUITests.xctest; sourceTree = BUILT_PRODUCTS_DIR; };
/* End PBXFileReference section */

/* Begin PBXFileSystemSynchronizedRootGroup section */
		1EA3CD272DE9C4B400DCEB57 /* WatchList */ = {
			isa = PBXFileSystemSynchronizedRootGroup;
			path = WatchList;
			sourceTree = "<group>";
		};
		1EA3CD3D2DE9C4B600DCEB57 /* WatchListTests */ = {
			isa = PBXFileSystemSynchronizedRootGroup;
			path = WatchListTests;
			sourceTree = "<group>";
		};
		1EA3CD472DE9C4B600DCEB57 /* WatchListUITests */ = {
			isa = PBXFileSystemSynchronizedRootGroup;
			path = WatchListUITests;
			sourceTree = "<group>";
		};
/* End PBXFileSystemSynchronizedRootGroup section */

/* Begin PBXFrameworksBuildPhase section */
		1EA3CD222DE9C4B400DCEB57 /* Frameworks */ = {
			isa = PBXFrameworksBuildPhase;
			buildActionMask = 2147483647;
			files = (
			);
			runOnlyForDeploymentPostprocessing = 0;
		};
		1EA3CD372DE9C4B600DCEB57 /* Frameworks */ = {
			isa = PBXFrameworksBuildPhase;
			buildActionMask = 2147483647;
			files = (
			);
			runOnlyForDeploymentPostprocessing = 0;
		};
		1EA3CD412DE9C4B600DCEB57 /* Frameworks */ = {
			isa = PBXFrameworksBuildPhase;
			buildActionMask = 2147483647;
			files = (
			);
			runOnlyForDeploymentPostprocessing = 0;
		};
/* End PBXFrameworksBuildPhase section */

/* Begin PBXGroup section */
		1EA3CD1C2DE9C4B400DCEB57 = {
			isa = PBXGroup;
			children = (
				1EA3CD272DE9C4B400DCEB57 /* WatchList */,
				1EA3CD3D2DE9C4B600DCEB57 /* WatchListTests */,
				1EA3CD472DE9C4B600DCEB57 /* WatchListUITests */,
				1EA3CD262DE9C4B400DCEB57 /* Products */,
			);
			sourceTree = "<group>";
		};
		1EA3CD262DE9C4B400DCEB57 /* Products */ = {
			isa = PBXGroup;
			children = (
				1EA3CD252DE9C4B400DCEB57 /* WatchList.app */,
				1EA3CD3A2DE9C4B600DCEB57 /* WatchListTests.xctest */,
				1EA3CD442DE9C4B600DCEB57 /* WatchListUITests.xctest */,
			);
			name = Products;
			sourceTree = "<group>";
		};
/* End PBXGroup section */

/* Begin PBXNativeTarget section */
		1EA3CD242DE9C4B400DCEB57 /* WatchList */ = {
			isa = PBXNativeTarget;
			buildConfigurationList = 1EA3CD4E2DE9C4B600DCEB57 /* Build configuration list for PBXNativeTarget "WatchList" */;
			buildPhases = (
				1EA3CD212DE9C4B400DCEB57 /* Sources */,
				1EA3CD222DE9C4B400DCEB57 /* Frameworks */,
				1EA3CD232DE9C4B400DCEB57 /* Resources */,
			);
			buildRules = (
			);
			dependencies = (
			);
			fileSystemSynchronizedGroups = (
				1EA3CD272DE9C4B400DCEB57 /* WatchList */,
			);
			name = WatchList;
			packageProductDependencies = (
			);
			productName = WatchList;
			productReference = 1EA3CD252DE9C4B400DCEB57 /* WatchList.app */;
			productType = "com.apple.product-type.application";
		};
		1EA3CD392DE9C4B600DCEB57 /* WatchListTests */ = {
			isa = PBXNativeTarget;
			buildConfigurationList = 1EA3CD512DE9C4B600DCEB57 /* Build configuration list for PBXNativeTarget "WatchListTests" */;
			buildPhases = (
				1EA3CD362DE9C4B600DCEB57 /* Sources */,
				1EA3CD372DE9C4B600DCEB57 /* Frameworks */,
				1EA3CD382DE9C4B600DCEB57 /* Resources */,
			);
			buildRules = (
			);
			dependencies = (
				1EA3CD3C2DE9C4B600DCEB57 /* PBXTargetDependency */,
			);
			fileSystemSynchronizedGroups = (
				1EA3CD3D2DE9C4B600DCEB57 /* WatchListTests */,
			);
			name = WatchListTests;
			packageProductDependencies = (
			);
			productName = WatchListTests;
			productReference = 1EA3CD3A2DE9C4B600DCEB57 /* WatchListTests.xctest */;
			productType = "com.apple.product-type.bundle.unit-test";
		};
		1EA3CD432DE9C4B600DCEB57 /* WatchListUITests */ = {
			isa = PBXNativeTarget;
			buildConfigurationList = 1EA3CD542DE9C4B600DCEB57 /* Build configuration list for PBXNativeTarget "WatchListUITests" */;
			buildPhases = (
				1EA3CD402DE9C4B600DCEB57 /* Sources */,
				1EA3CD412DE9C4B600DCEB57 /* Frameworks */,
				1EA3CD422DE9C4B600DCEB57 /* Resources */,
			);
			buildRules = (
			);
			dependencies = (
				1EA3CD462DE9C4B600DCEB57 /* PBXTargetDependency */,
			);
			fileSystemSynchronizedGroups = (
				1EA3CD472DE9C4B600DCEB57 /* WatchListUITests */,
			);
			name = WatchListUITests;
			packageProductDependencies = (
			);
			productName = WatchListUITests;
			productReference = 1EA3CD442DE9C4B600DCEB57 /* WatchListUITests.xctest */;
			productType = "com.apple.product-type.bundle.ui-testing";
		};
/* End PBXNativeTarget section */

/* Begin PBXProject section */
		1EA3CD1D2DE9C4B400DCEB57 /* Project object */ = {
			isa = PBXProject;
			attributes = {
				BuildIndependentTargetsInParallel = 1;
				LastSwiftUpdateCheck = 1620;
				LastUpgradeCheck = 1620;
				TargetAttributes = {
					1EA3CD242DE9C4B400DCEB57 = {
						CreatedOnToolsVersion = 16.2;
					};
					1EA3CD392DE9C4B600DCEB57 = {
						CreatedOnToolsVersion = 16.2;
						TestTargetID = 1EA3CD242DE9C4B400DCEB57;
					};
					1EA3CD432DE9C4B600DCEB57 = {
						CreatedOnToolsVersion = 16.2;
						TestTargetID = 1EA3CD242DE9C4B400DCEB57;
					};
				};
			};
			buildConfigurationList = 1EA3CD202DE9C4B400DCEB57 /* Build configuration list for PBXProject "WatchList" */;
			developmentRegion = en;
			hasScannedForEncodings = 0;
			knownRegions = (
				en,
				Base,
			);
			mainGroup = 1EA3CD1C2DE9C4B400DCEB57;
			minimizedProjectReferenceProxies = 1;
			preferredProjectObjectVersion = 77;
			productRefGroup = 1EA3CD262DE9C4B400DCEB57 /* Products */;
			projectDirPath = "";
			projectRoot = "";
			targets = (
				1EA3CD242DE9C4B400DCEB57 /* WatchList */,
				1EA3CD392DE9C4B600DCEB57 /* WatchListTests */,
				1EA3CD432DE9C4B600DCEB57 /* WatchListUITests */,
			);
		};
/* End PBXProject section */

/* Begin PBXResourcesBuildPhase section */
		1EA3CD232DE9C4B400DCEB57 /* Resources */ = {
			isa = PBXResourcesBuildPhase;
			buildActionMask = 2147483647;
			files = (
			);
			runOnlyForDeploymentPostprocessing = 0;
		};
		1EA3CD382DE9C4B600DCEB57 /* Resources */ = {
			isa = PBXResourcesBuildPhase;
			buildActionMask = 2147483647;
			files = (
			);
			runOnlyForDeploymentPostprocessing = 0;
		};
		1EA3CD422DE9C4B600DCEB57 /* Resources */ = {
			isa = PBXResourcesBuildPhase;
			buildActionMask = 2147483647;
			files = (
			);
			runOnlyForDeploymentPostprocessing = 0;
		};
/* End PBXResourcesBuildPhase section */

/* Begin PBXSourcesBuildPhase section */
		1EA3CD212DE9C4B400DCEB57 /* Sources */ = {
			isa = PBXSourcesBuildPhase;
			buildActionMask = 2147483647;
			files = (
			);
			runOnlyForDeploymentPostprocessing = 0;
		};
		1EA3CD362DE9C4B600DCEB57 /* Sources */ = {
			isa = PBXSourcesBuildPhase;
			buildActionMask = 2147483647;
			files = (
			);
			runOnlyForDeploymentPostprocessing = 0;
		};
		1EA3CD402DE9C4B600DCEB57 /* Sources */ = {
			isa = PBXSourcesBuildPhase;
			buildActionMask = 2147483647;
			files = (
			);
			runOnlyForDeploymentPostprocessing = 0;
		};
/* End PBXSourcesBuildPhase section */

/* Begin PBXTargetDependency section */
		1EA3CD3C2DE9C4B600DCEB57 /* PBXTargetDependency */ = {
			isa = PBXTargetDependency;
			target = 1EA3CD242DE9C4B400DCEB57 /* WatchList */;
			targetProxy = 1EA3CD3B2DE9C4B600DCEB57 /* PBXContainerItemProxy */;
		};
		1EA3CD462DE9C4B600DCEB57 /* PBXTargetDependency */ = {
			isa = PBXTargetDependency;
			target = 1EA3CD242DE9C4B400DCEB57 /* WatchList */;
			targetProxy = 1EA3CD452DE9C4B600DCEB57 /* PBXContainerItemProxy */;
		};
/* End PBXTargetDependency section */

/* Begin XCBuildConfiguration section */
		1EA3CD4C2DE9C4B600DCEB57 /* Debug */ = {
			isa = XCBuildConfiguration;
			buildSettings = {
				ALWAYS_SEARCH_USER_PATHS = NO;
				ASSETCATALOG_COMPILER_GENERATE_SWIFT_ASSET_SYMBOL_EXTENSIONS = YES;
				CLANG_ANALYZER_NONNULL = YES;
				CLANG_ANALYZER_NUMBER_OBJECT_CONVERSION = YES_AGGRESSIVE;
				CLANG_CXX_LANGUAGE_STANDARD = "gnu++20";
				CLANG_ENABLE_MODULES = YES;
				CLANG_ENABLE_OBJC_ARC = YES;
				CLANG_ENABLE_OBJC_WEAK = YES;
				CLANG_WARN_BLOCK_CAPTURE_AUTORELEASING = YES;
				CLANG_WARN_BOOL_CONVERSION = YES;
				CLANG_WARN_COMMA = YES;
				CLANG_WARN_CONSTANT_CONVERSION = YES;
				CLANG_WARN_DEPRECATED_OBJC_IMPLEMENTATIONS = YES;
				CLANG_WARN_DIRECT_OBJC_ISA_USAGE = YES_ERROR;
				CLANG_WARN_DOCUMENTATION_COMMENTS = YES;
				CLANG_WARN_EMPTY_BODY = YES;
				CLANG_WARN_ENUM_CONVERSION = YES;
				CLANG_WARN_INFINITE_RECURSION = YES;
				CLANG_WARN_INT_CONVERSION = YES;
				CLANG_WARN_NON_LITERAL_NULL_CONVERSION = YES;
				CLANG_WARN_OBJC_IMPLICIT_RETAIN_SELF = YES;
				CLANG_WARN_OBJC_LITERAL_CONVERSION = YES;
				CLANG_WARN_OBJC_ROOT_CLASS = YES_ERROR;
				CLANG_WARN_QUOTED_INCLUDE_IN_FRAMEWORK_HEADER = YES;
				CLANG_WARN_RANGE_LOOP_ANALYSIS = YES;
				CLANG_WARN_STRICT_PROTOTYPES = YES;
				CLANG_WARN_SUSPICIOUS_MOVE = YES;
				CLANG_WARN_UNGUARDED_AVAILABILITY = YES_AGGRESSIVE;
				CLANG_WARN_UNREACHABLE_CODE = YES;
				CLANG_WARN__DUPLICATE_METHOD_MATCH = YES;
				COPY_PHASE_STRIP = NO;
				DEBUG_INFORMATION_FORMAT = dwarf;
				ENABLE_STRICT_OBJC_MSGSEND = YES;
				ENABLE_TESTABILITY = YES;
				ENABLE_USER_SCRIPT_SANDBOXING = YES;
				GCC_C_LANGUAGE_STANDARD = gnu17;
				GCC_DYNAMIC_NO_PIC = NO;
				GCC_NO_COMMON_BLOCKS = YES;
				GCC_OPTIMIZATION_LEVEL = 0;
				GCC_PREPROCESSOR_DEFINITIONS = (
					"DEBUG=1",
					"$(inherited)",
				);
				GCC_WARN_64_TO_32_BIT_CONVERSION = YES;
				GCC_WARN_ABOUT_RETURN_TYPE = YES_ERROR;
				GCC_WARN_UNDECLARED_SELECTOR = YES;
				GCC_WARN_UNINITIALIZED_AUTOS = YES_AGGRESSIVE;
				GCC_WARN_UNUSED_FUNCTION = YES;
				GCC_WARN_UNUSED_VARIABLE = YES;
				IPHONEOS_DEPLOYMENT_TARGET = 18.2;
				LOCALIZATION_PREFERS_STRING_CATALOGS = YES;
				MTL_ENABLE_DEBUG_INFO = INCLUDE_SOURCE;
				MTL_FAST_MATH = YES;
				ONLY_ACTIVE_ARCH = YES;
				SDKROOT = iphoneos;
				SWIFT_ACTIVE_COMPILATION_CONDITIONS = "DEBUG $(inherited)";
				SWIFT_OPTIMIZATION_LEVEL = "-Onone";
			};
			name = Debug;
		};
		1EA3CD4D2DE9C4B600DCEB57 /* Release */ = {
			isa = XCBuildConfiguration;
			buildSettings = {
				ALWAYS_SEARCH_USER_PATHS = NO;
				ASSETCATALOG_COMPILER_GENERATE_SWIFT_ASSET_SYMBOL_EXTENSIONS = YES;
				CLANG_ANALYZER_NONNULL = YES;
				CLANG_ANALYZER_NUMBER_OBJECT_CONVERSION = YES_AGGRESSIVE;
				CLANG_CXX_LANGUAGE_STANDARD = "gnu++20";
				CLANG_ENABLE_MODULES = YES;
				CLANG_ENABLE_OBJC_ARC = YES;
				CLANG_ENABLE_OBJC_WEAK = YES;
				CLANG_WARN_BLOCK_CAPTURE_AUTORELEASING = YES;
				CLANG_WARN_BOOL_CONVERSION = YES;
				CLANG_WARN_COMMA = YES;
				CLANG_WARN_CONSTANT_CONVERSION = YES;
				CLANG_WARN_DEPRECATED_OBJC_IMPLEMENTATIONS = YES;
				CLANG_WARN_DIRECT_OBJC_ISA_USAGE = YES_ERROR;
				CLANG_WARN_DOCUMENTATION_COMMENTS = YES;
				CLANG_WARN_EMPTY_BODY = YES;
				CLANG_WARN_ENUM_CONVERSION = YES;
				CLANG_WARN_INFINITE_RECURSION = YES;
				CLANG_WARN_INT_CONVERSION = YES;
				CLANG_WARN_NON_LITERAL_NULL_CONVERSION = YES;
				CLANG_WARN_OBJC_IMPLICIT_RETAIN_SELF = YES;
				CLANG_WARN_OBJC_LITERAL_CONVERSION = YES;
				CLANG_WARN_OBJC_ROOT_CLASS = YES_ERROR;
				CLANG_WARN_QUOTED_INCLUDE_IN_FRAMEWORK_HEADER = YES;
				CLANG_WARN_RANGE_LOOP_ANALYSIS = YES;
				CLANG_WARN_STRICT_PROTOTYPES = YES;
				CLANG_WARN_SUSPICIOUS_MOVE = YES;
				CLANG_WARN_UNGUARDED_AVAILABILITY = YES_AGGRESSIVE;
				CLANG_WARN_UNREACHABLE_CODE = YES;
				CLANG_WARN__DUPLICATE_METHOD_MATCH = YES;
				COPY_PHASE_STRIP = NO;
				DEBUG_INFORMATION_FORMAT = "dwarf-with-dsym";
				ENABLE_NS_ASSERTIONS = NO;
				ENABLE_STRICT_OBJC_MSGSEND = YES;
				ENABLE_USER_SCRIPT_SANDBOXING = YES;
				GCC_C_LANGUAGE_STANDARD = gnu17;
				GCC_NO_COMMON_BLOCKS = YES;
				GCC_WARN_64_TO_32_BIT_CONVERSION = YES;
				GCC_WARN_ABOUT_RETURN_TYPE = YES_ERROR;
				GCC_WARN_UNDECLARED_SELECTOR = YES;
				GCC_WARN_UNINITIALIZED_AUTOS = YES_AGGRESSIVE;
				GCC_WARN_UNUSED_FUNCTION = YES;
				GCC_WARN_UNUSED_VARIABLE = YES;
				IPHONEOS_DEPLOYMENT_TARGET = 18.2;
				LOCALIZATION_PREFERS_STRING_CATALOGS = YES;
				MTL_ENABLE_DEBUG_INFO = NO;
				MTL_FAST_MATH = YES;
				SDKROOT = iphoneos;
				SWIFT_COMPILATION_MODE = wholemodule;
				VALIDATE_PRODUCT = YES;
			};
			name = Release;
		};
		1EA3CD4F2DE9C4B600DCEB57 /* Debug */ = {
			isa = XCBuildConfiguration;
			buildSettings = {
				ASSETCATALOG_COMPILER_APPICON_NAME = AppIcon;
				ASSETCATALOG_COMPILER_GLOBAL_ACCENT_COLOR_NAME = AccentColor;
				CODE_SIGN_STYLE = Manual;
				CURRENT_PROJECT_VERSION = 1;
				DEVELOPMENT_ASSET_PATHS = "\"WatchList/Preview Content\"";
				DEVELOPMENT_TEAM = "";
				ENABLE_PREVIEWS = YES;
				GENERATE_INFOPLIST_FILE = YES;
				INFOPLIST_KEY_UIApplicationSceneManifest_Generation = YES;
				INFOPLIST_KEY_UIApplicationSupportsIndirectInputEvents = YES;
				INFOPLIST_KEY_UILaunchScreen_Generation = YES;
				INFOPLIST_KEY_UISupportedInterfaceOrientations_iPad = "UIInterfaceOrientationPortrait UIInterfaceOrientationPortraitUpsideDown UIInterfaceOrientationLandscapeLeft UIInterfaceOrientationLandscapeRight";
				INFOPLIST_KEY_UISupportedInterfaceOrientations_iPhone = "UIInterfaceOrientationPortrait UIInterfaceOrientationLandscapeLeft UIInterfaceOrientationLandscapeRight";
				IPHONEOS_DEPLOYMENT_TARGET = 15.6;
				LD_RUNPATH_SEARCH_PATHS = (
					"$(inherited)",
					"@executable_path/Frameworks",
				);
				MARKETING_VERSION = 1.0;
				PRODUCT_BUNDLE_IDENTIFIER = com.example.WatchList;
				PRODUCT_NAME = "$(TARGET_NAME)";
				PROVISIONING_PROFILE_SPECIFIER = "";
				SWIFT_EMIT_LOC_STRINGS = YES;
				SWIFT_VERSION = 5.0;
				TARGETED_DEVICE_FAMILY = "1,2";
			};
			name = Debug;
		};
		1EA3CD502DE9C4B600DCEB57 /* Release */ = {
			isa = XCBuildConfiguration;
			buildSettings = {
				ASSETCATALOG_COMPILER_APPICON_NAME = AppIcon;
				ASSETCATALOG_COMPILER_GLOBAL_ACCENT_COLOR_NAME = AccentColor;
				CODE_SIGN_STYLE = Manual;
				CURRENT_PROJECT_VERSION = 1;
				DEVELOPMENT_ASSET_PATHS = "\"WatchList/Preview Content\"";
				DEVELOPMENT_TEAM = "";
				ENABLE_PREVIEWS = YES;
				GENERATE_INFOPLIST_FILE = YES;
				INFOPLIST_KEY_UIApplicationSceneManifest_Generation = YES;
				INFOPLIST_KEY_UIApplicationSupportsIndirectInputEvents = YES;
				INFOPLIST_KEY_UILaunchScreen_Generation = YES;
				INFOPLIST_KEY_UISupportedInterfaceOrientations_iPad = "UIInterfaceOrientationPortrait UIInterfaceOrientationPortraitUpsideDown UIInterfaceOrientationLandscapeLeft UIInterfaceOrientationLandscapeRight";
				INFOPLIST_KEY_UISupportedInterfaceOrientations_iPhone = "UIInterfaceOrientationPortrait UIInterfaceOrientationLandscapeLeft UIInterfaceOrientationLandscapeRight";
				IPHONEOS_DEPLOYMENT_TARGET = 15.6;
				LD_RUNPATH_SEARCH_PATHS = (
					"$(inherited)",
					"@executable_path/Frameworks",
				);
				MARKETING_VERSION = 1.0;
				PRODUCT_BUNDLE_IDENTIFIER = com.example.WatchList;
				PRODUCT_NAME = "$(TARGET_NAME)";
				PROVISIONING_PROFILE_SPECIFIER = "";
				SWIFT_EMIT_LOC_STRINGS = YES;
				SWIFT_VERSION = 5.0;
				TARGETED_DEVICE_FAMILY = "1,2";
			};
			name = Release;
		};
		1EA3CD522DE9C4B600DCEB57 /* Debug */ = {
			isa = XCBuildConfiguration;
			buildSettings = {
				BUNDLE_LOADER = "$(TEST_HOST)";
				CODE_SIGN_STYLE = Manual;
				CURRENT_PROJECT_VERSION = 1;
				DEVELOPMENT_TEAM = "";
				GENERATE_INFOPLIST_FILE = YES;
				IPHONEOS_DEPLOYMENT_TARGET = 15.6;
				MARKETING_VERSION = 1.0;
				PRODUCT_BUNDLE_IDENTIFIER = com.example.WatchListTests;
				PRODUCT_NAME = "$(TARGET_NAME)";
				PROVISIONING_PROFILE_SPECIFIER = "";
				SWIFT_EMIT_LOC_STRINGS = NO;
				SWIFT_VERSION = 5.0;
				TARGETED_DEVICE_FAMILY = "1,2";
				TEST_HOST = "$(BUILT_PRODUCTS_DIR)/WatchList.app/$(BUNDLE_EXECUTABLE_FOLDER_PATH)/WatchList";
			};
			name = Debug;
		};
		1EA3CD532DE9C4B600DCEB57 /* Release */ = {
			isa = XCBuildConfiguration;
			buildSettings = {
				BUNDLE_LOADER = "$(TEST_HOST)";
				CODE_SIGN_STYLE = Manual;
				CURRENT_PROJECT_VERSION = 1;
				DEVELOPMENT_TEAM = "";
				GENERATE_INFOPLIST_FILE = YES;
				IPHONEOS_DEPLOYMENT_TARGET = 15.6;
				MARKETING_VERSION = 1.0;
				PRODUCT_BUNDLE_IDENTIFIER = com.example.WatchListTests;
				PRODUCT_NAME = "$(TARGET_NAME)";
				PROVISIONING_PROFILE_SPECIFIER = "";
				SWIFT_EMIT_LOC_STRINGS = NO;
				SWIFT_VERSION = 5.0;
				TARGETED_DEVICE_FAMILY = "1,2";
				TEST_HOST = "$(BUILT_PRODUCTS_DIR)/WatchList.app/$(BUNDLE_EXECUTABLE_FOLDER_PATH)/WatchList";
			};
			name = Release;
		};
		1EA3CD552DE9C4B600DCEB57 /* Debug */ = {
			isa = XCBuildConfiguration;
			buildSettings = {
				CODE_SIGN_STYLE = Manual;
				CURRENT_PROJECT_VERSION = 1;
				DEVELOPMENT_TEAM = "";
				GENERATE_INFOPLIST_FILE = YES;
				IPHONEOS_DEPLOYMENT_TARGET = 15.6;
				MARKETING_VERSION = 1.0;
				PRODUCT_BUNDLE_IDENTIFIER = com.example.WatchListUITests;
				PRODUCT_NAME = "$(TARGET_NAME)";
				PROVISIONING_PROFILE_SPECIFIER = "";
				SWIFT_EMIT_LOC_STRINGS = NO;
				SWIFT_VERSION = 5.0;
				TARGETED_DEVICE_FAMILY = "1,2";
				TEST_TARGET_NAME = WatchList;
			};
			name = Debug;
		};
		1EA3CD562DE9C4B600DCEB57 /* Release */ = {
			isa = XCBuildConfiguration;
			buildSettings = {
				CODE_SIGN_STYLE = Manual;
				CURRENT_PROJECT_VERSION = 1;
				DEVELOPMENT_TEAM = "";
				GENERATE_INFOPLIST_FILE = YES;
				IPHONEOS_DEPLOYMENT_TARGET = 15.6;
				MARKETING_VERSION = 1.0;
				PRODUCT_BUNDLE_IDENTIFIER = com.example.WatchListUITests;
				PRODUCT_NAME = "$(TARGET_NAME)";
				PROVISIONING_PROFILE_SPECIFIER = "";
				SWIFT_EMIT_LOC_STRINGS = NO;
				SWIFT_VERSION = 5.0;
				TARGETED_DEVICE_FAMILY = "1,2";
				TEST_TARGET_NAME = WatchList;
			};
			name = Release;
		};
/* End XCBuildConfiguration section */

/* Begin XCConfigurationList section */
		1EA3CD202DE9C4B400DCEB57 /* Build configuration list for PBXProject "WatchList" */ = {
			isa = XCConfigurationList;
			buildConfigurations = (
				1EA3CD4C2DE9C4B600DCEB57 /* Debug */,
				1EA3CD4D2DE9C4B600DCEB57 /* Release */,
			);
			defaultConfigurationIsVisible = 0;
			defaultConfigurationName = Release;
		};
		1EA3CD4E2DE9C4B600DCEB57 /* Build configuration list for PBXNativeTarget "WatchList" */ = {
			isa = XCConfigurationList;
			buildConfigurations = (
				1EA3CD4F2DE9C4B600DCEB57 /* Debug */,
				1EA3CD502DE9C4B600DCEB57 /* Release */,
			);
			defaultConfigurationIsVisible = 0;
			defaultConfigurationName = Release;
		};
		1EA3CD512DE9C4B600DCEB57 /* Build configuration list for PBXNativeTarget "WatchListTests" */ = {
			isa = XCConfigurationList;
			buildConfigurations = (
				1EA3CD522DE9C4B600DCEB57 /* Debug */,
				1EA3CD532DE9C4B600DCEB57 /* Release */,
			);
			defaultConfigurationIsVisible = 0;
			defaultConfigurationName = Release;
		};
		1EA3CD542DE9C4B600DCEB57 /* Build configuration list for PBXNativeTarget "WatchListUITests" */ = {
			isa = XCConfigurationList;
			buildConfigurations = (
				1EA3CD552DE9C4B600DCEB57 /* Debug */,
				1EA3CD562DE9C4B600DCEB57 /* Release */,
			);
			defaultConfigurationIsVisible = 0;
			defaultConfigurationName = Release;
		};
/* End XCConfigurationList section */
	};
	rootObject = 1EA3CD1D2DE9C4B400DCEB57 /* Project object */;
}
